{
  "name": "vulnerable-node-demo",
  "version": "1.0.0",
  "lockfileVersion": 3,
  "requires": true,
  "packages": {
    "": {
      "name": "vulnerable-node-demo",
      "version": "1.0.0",
      "dependencies": {
        "express": "4.16.0",
        "jsonwebtoken": "8.5.1",
        "lodash": "4.17.15",
        "minimist": "1.2.0",
        "mysql": "2.18.1"
      }
    },
    "node_modules/express": { "version": "4.16.0", "resolved": "https://registry.npmjs.org/express/-/express-4.16.0.tgz" },
    "node_modules/jsonwebtoken": { "version": "8.5.1", "resolved": "https://registry.npmjs.org/jsonwebtoken/-/jsonwebtoken-8.5.1.tgz" },
    "node_modules/lodash": { "version": "4.17.15", "resolved": "https://registry.npmjs.org/lodash/-/lodash-4.17.15.tgz" },
    "node_modules/minimist": { "version": "1.2.0", "resolved": "https://registry.npmjs.org/minimist/-/minimist-1.2.0.tgz" },
    "node_modules/mysql": { "version": "2.18.1", "resolved": "https://registry.npmjs.org/mysql/-/mysql-2.18.1.tgz" }
  }
}
